
Microsoft Visual Studio Solution File, Format Version 12.00
# Visual Studio Version 16
VisualStudioVersion = 16.0.32106.194
MinimumVisualStudioVersion = 10.0.40219.1
Project("{FAE04EC0-301F-11D3-BF4B-00C04F79EFBC}") = "PresentacionesZapatos", "PresentacionesZapatos\PresentacionesZapatos.csproj", "{7A5A19F3-EB68-4F09-9F52-1B775967E0FC}"
EndProject
Global
	GlobalSection(SolutionConfigurationPlatforms) = preSolution
		Debug|Any CPU = Debug|Any CPU
		Release|Any CPU = Release|Any CPU
	EndGlobalSection
	GlobalSection(ProjectConfigurationPlatforms) = postSolution
		{7A5A19F3-EB68-4F09-9F52-1B775967E0FC}.Debug|Any CPU.ActiveCfg = Debug|Any CPU
		{7A5A19F3-EB68-4F09-9F52-1B775967E0FC}.Debug|Any CPU.Build.0 = Debug|Any CPU
		{7A5A19F3-EB68-4F09-9F52-1B775967E0FC}.Release|Any CPU.ActiveCfg = Release|Any CPU
		{7A5A19F3-EB68-4F09-9F52-1B775967E0FC}.Release|Any CPU.Build.0 = Release|Any CPU
	EndGlobalSection
	GlobalSection(SolutionProperties) = preSolution
		HideSolutionNode = FALSE
	EndGlobalSection
	GlobalSection(ExtensibilityGlobals) = postSolution
		SolutionGuid = {DA8FE0FB-A352-4398-AA72-A38DB54726C9}
	EndGlobalSection
EndGlobal
